{
  "name": "simple-api",
  "version": "1.0.0",
  "lockfileVersion": 1,
  "requires": true,
  "dependencies": {
    "unnamed-js": {
      "version": "2.0.13",
      "resolved": "https://registry.npmjs.org/unnamed-js/-/unnamed-js-2.0.13.tgz",
      "integrity": "sha512-FRIck9lVXqDnude0bLXaTyeKBi9dPMkLIX9bxyq2CliqsFOXMBKFBIywi3t519Vsaat5MvC4JQlksoBzJRdvCw=="
    }
  }
}
